
Microsoft Visual Studio Solution File, Format Version 12.00
# Visual Studio Version 17
VisualStudioVersion = 17.4.33110.190
MinimumVisualStudioVersion = 10.0.40219.1
Project("{FAE04EC0-301F-11D3-BF4B-00C04F79EFBC}") = "WebApp", "WebApp\WebApp.csproj", "{6E6F3E0F-D550-4746-B64D-31CC8F379C39}"
EndProject
Global
	GlobalSection(SolutionConfigurationPlatforms) = preSolution
		Debug|Any CPU = Debug|Any CPU
		Release|Any CPU = Release|Any CPU
	EndGlobalSection
	GlobalSection(ProjectConfigurationPlatforms) = postSolution
		{6E6F3E0F-D550-4746-B64D-31CC8F379C39}.Debug|Any CPU.ActiveCfg = Debug|Any CPU
		{6E6F3E0F-D550-4746-B64D-31CC8F379C39}.Debug|Any CPU.Build.0 = Debug|Any CPU
		{6E6F3E0F-D550-4746-B64D-31CC8F379C39}.Release|Any CPU.ActiveCfg = Release|Any CPU
		{6E6F3E0F-D550-4746-B64D-31CC8F379C39}.Release|Any CPU.Build.0 = Release|Any CPU
	EndGlobalSection
	GlobalSection(SolutionProperties) = preSolution
		HideSolutionNode = FALSE
	EndGlobalSection
	GlobalSection(ExtensibilityGlobals) = postSolution
		SolutionGuid = {11CA7C1C-E2E4-4104-B2C9-E4286F3DD269}
	EndGlobalSection
EndGlobal
